{
  "version": 4,
  "terraform_version": "1.5.7",
  "serial": 2,
  "lineage": "66b8ea36-bef1-2cfc-3577-22d57d806b89",
  "outputs": {
    "vm_ip": {
      "value": "192.168.168.237",
      "type": "string"
    }
  },
  "resources": [
    {
      "mode": "data",
      "type": "vsphere_datacenter",
      "name": "dc",
      "provider": "provider[\"registry.terraform.io/hashicorp/vsphere\"]",
      "instances": [
        {
          "schema_version": 0,
          "attributes": {
            "id": "datacenter-3",
            "name": "zimafarda",
            "virtual_machines": [
              "Afta",
              "Afta2",
              "BackupServer",
              "CRM-2016",
              "DNS-Master",
              "DNS-Slave",
              "GitlabRunner",
              "HA-Proxy-1",
              "HA-Proxy-2",
              "HozorGhiab",
              "Kube-1",
              "Kube-2",
              "Kube-3",
              "Kube-4",
              "Kube-lb",
              "NFS",
              "NginxServer",
              "NikanServer-Win10",
              "PublicSEO",
              "RemoteWork",
              "SivanApp-Windows",
              "SoorenM",
              "TrueNAS",
              "VMware vCenter Server",
              "hub",
              "issable",
              "local-kube-1",
              "local-kube-2",
              "local-kube-3",
              "local-kube-4",
              "openwrt-2",
              "others",
              "ubuntu24-template",
              "zabbix_appliance-6.4.10"
            ]
          },
          "sensitive_attributes": []
        }
      ]
    },
    {
      "mode": "data",
      "type": "vsphere_datastore",
      "name": "datastore",
      "provider": "provider[\"registry.terraform.io/hashicorp/vsphere\"]",
      "instances": [
        {
          "schema_version": 0,
          "attributes": {
            "datacenter_id": "datacenter-3",
            "id": "datastore-40",
            "name": "SSD - 223 - Server",
            "stats": {
              "capacity": "492042190848",
              "free": "129703608320"
            }
          },
          "sensitive_attributes": []
        }
      ]
    },
    {
      "mode": "data",
      "type": "vsphere_network",
      "name": "network",
      "provider": "provider[\"registry.terraform.io/hashicorp/vsphere\"]",
      "instances": [
        {
          "schema_version": 0,
          "attributes": {
            "datacenter_id": "datacenter-3",
            "distributed_virtual_switch_uuid": null,
            "filter": null,
            "id": "network-13",
            "name": "VM Network",
            "retry_interval": 500,
            "retry_timeout": 0,
            "type": "Network"
          },
          "sensitive_attributes": []
        }
      ]
    },
    {
      "mode": "data",
      "type": "vsphere_resource_pool",
      "name": "pool",
      "provider": "provider[\"registry.terraform.io/hashicorp/vsphere\"]",
      "instances": [
        {
          "schema_version": 0,
          "attributes": {
            "datacenter_id": "datacenter-3",
            "id": "resgroup-4513",
            "name": "RS2"
          },
          "sensitive_attributes": []
        }
      ]
    },
    {
      "mode": "data",
      "type": "vsphere_virtual_machine",
      "name": "template",
      "provider": "provider[\"registry.terraform.io/hashicorp/vsphere\"]",
      "instances": [
        {
          "schema_version": 0,
          "attributes": {
            "alternate_guest_name": "",
            "annotation": "",
            "boot_delay": 0,
            "boot_retry_delay": 10000,
            "boot_retry_enabled": false,
            "change_version": "2025-08-12T09:09:44.522217Z",
            "cpu_hot_add_enabled": false,
            "cpu_hot_remove_enabled": false,
            "cpu_limit": -1,
            "cpu_performance_counters_enabled": false,
            "cpu_reservation": 0,
            "cpu_share_count": 2000,
            "cpu_share_level": "normal",
            "datacenter_id": "datacenter-3",
            "default_ip_address": null,
            "disks": [
              {
                "eagerly_scrub": false,
                "label": "Hard disk 1",
                "size": 10,
                "thin_provisioned": true,
                "unit_number": 0
              }
            ],
            "efi_secure_boot_enabled": false,
            "enable_disk_uuid": false,
            "enable_logging": true,
            "ept_rvi_mode": "automatic",
            "extra_config": {},
            "extra_config_reboot_required": true,
            "firmware": "bios",
            "folder": null,
            "guest_id": "ubuntu64Guest",
            "guest_ip_addresses": [],
            "hardware_version": 10,
            "hv_mode": "hvAuto",
            "id": "42034647-fa64-e455-932e-de1324577f5a",
            "ide_controller_scan_count": 2,
            "instance_uuid": "50034bae-f3b0-521e-deea-04f964c2c771",
            "latency_sensitivity": "normal",
            "memory": 1024,
            "memory_hot_add_enabled": false,
            "memory_limit": -1,
            "memory_reservation": 0,
            "memory_reservation_locked_to_max": false,
            "memory_share_count": 10240,
            "memory_share_level": "normal",
            "moid": "vm-4512",
            "name": "ubuntu24-template",
            "nested_hv_enabled": false,
            "network_interface_types": [
              "vmxnet3"
            ],
            "network_interfaces": [
              {
                "adapter_type": "vmxnet3",
                "bandwidth_limit": -1,
                "bandwidth_reservation": 0,
                "bandwidth_share_count": 50,
                "bandwidth_share_level": "normal",
                "mac_address": "00:50:56:83:3f:3e",
                "network_id": "network-13",
                "physical_function": ""
              }
            ],
            "num_cores_per_socket": 1,
            "num_cpus": 2,
            "nvme_controller_scan_count": 1,
            "replace_trigger": null,
            "run_tools_scripts_after_power_on": true,
            "run_tools_scripts_after_resume": true,
            "run_tools_scripts_before_guest_reboot": false,
            "run_tools_scripts_before_guest_shutdown": true,
            "run_tools_scripts_before_guest_standby": true,
            "sata_controller_scan_count": 0,
            "scsi_bus_sharing": "noSharing",
            "scsi_controller_scan_count": 1,
            "scsi_type": "pvscsi",
            "storage_policy_id": null,
            "swap_placement_policy": "inherit",
            "sync_time_with_host": false,
            "sync_time_with_host_periodically": false,
            "tools_upgrade_policy": "manual",
            "uuid": "42034647-fa64-e455-932e-de1324577f5a",
            "vapp": null,
            "vapp_transport": [
              "iso"
            ],
            "vbs_enabled": false,
            "vtpm": false,
            "vvtd_enabled": false
          },
          "sensitive_attributes": []
        }
      ]
    },
    {
      "mode": "managed",
      "type": "vsphere_virtual_machine",
      "name": "vm",
      "provider": "provider[\"registry.terraform.io/hashicorp/vsphere\"]",
      "instances": [
        {
          "schema_version": 3,
          "attributes": {
            "alternate_guest_name": "",
            "annotation": "",
            "boot_delay": 0,
            "boot_retry_delay": 10000,
            "boot_retry_enabled": false,
            "cdrom": [
              {
                "client_device": true,
                "datastore_id": "",
                "device_address": "ide:1:0",
                "key": 3002,
                "path": ""
              }
            ],
            "change_version": "2025-08-13T00:55:50.002201Z",
            "clone": [
              {
                "customization_spec": [],
                "customize": [],
                "linked_clone": false,
                "ovf_network_map": null,
                "ovf_storage_map": null,
                "template_uuid": "42034647-fa64-e455-932e-de1324577f5a",
                "timeout": 30
              }
            ],
            "cpu_hot_add_enabled": false,
            "cpu_hot_remove_enabled": false,
            "cpu_limit": -1,
            "cpu_performance_counters_enabled": false,
            "cpu_reservation": 0,
            "cpu_share_count": 3000,
            "cpu_share_level": "normal",
            "custom_attributes": null,
            "datacenter_id": null,
            "datastore_cluster_id": null,
            "datastore_id": "datastore-40",
            "default_ip_address": "192.168.168.237",
            "disk": [
              {
                "attach": false,
                "controller_type": "scsi",
                "datastore_id": "datastore-40",
                "device_address": "scsi:0:0",
                "disk_mode": "persistent",
                "disk_sharing": "sharingNone",
                "eagerly_scrub": false,
                "io_limit": -1,
                "io_reservation": 0,
                "io_share_count": 1000,
                "io_share_level": "normal",
                "keep_on_remove": false,
                "key": 2000,
                "label": "disk0",
                "path": "vm1/vm1.vmdk",
                "size": 30,
                "storage_policy_id": "",
                "thin_provisioned": true,
                "unit_number": 0,
                "uuid": "6000C295-8840-faf4-c89d-09551ace9a25",
                "write_through": false
              }
            ],
            "efi_secure_boot_enabled": false,
            "enable_disk_uuid": false,
            "enable_logging": false,
            "ept_rvi_mode": "automatic",
            "extra_config": {
              "tools.setPowerOn": "TRUE"
            },
            "extra_config_reboot_required": true,
            "firmware": "bios",
            "folder": "",
            "force_power_off": true,
            "guest_id": "ubuntu64Guest",
            "guest_ip_addresses": [
              "192.168.168.237",
              "fe80::250:56ff:fe83:a27"
            ],
            "hardware_version": 10,
            "host_system_id": "host-39",
            "hv_mode": "hvAuto",
            "id": "4203b240-1c71-c655-58c2-7bf2b7aac58a",
            "ide_controller_count": 2,
            "ignored_guest_ips": null,
            "imported": null,
            "latency_sensitivity": "normal",
            "memory": 3072,
            "memory_hot_add_enabled": false,
            "memory_limit": -1,
            "memory_reservation": 0,
            "memory_reservation_locked_to_max": false,
            "memory_share_count": 30720,
            "memory_share_level": "normal",
            "migrate_wait_timeout": 30,
            "moid": "vm-12012",
            "name": "vm1",
            "nested_hv_enabled": false,
            "network_interface": [
              {
                "adapter_type": "vmxnet3",
                "bandwidth_limit": -1,
                "bandwidth_reservation": 0,
                "bandwidth_share_count": 50,
                "bandwidth_share_level": "normal",
                "device_address": "pci:0:7",
                "key": 4000,
                "mac_address": "00:50:56:83:0a:27",
                "network_id": "network-13",
                "ovf_mapping": "",
                "physical_function": "",
                "use_static_mac": false
              }
            ],
            "num_cores_per_socket": 1,
            "num_cpus": 3,
            "nvme_controller_count": 0,
            "ovf_deploy": [],
            "pci_device_id": null,
            "power_state": "on",
            "poweron_timeout": 300,
            "reboot_required": false,
            "replace_trigger": null,
            "resource_pool_id": "resgroup-4513",
            "run_tools_scripts_after_power_on": true,
            "run_tools_scripts_after_resume": true,
            "run_tools_scripts_before_guest_reboot": false,
            "run_tools_scripts_before_guest_shutdown": true,
            "run_tools_scripts_before_guest_standby": true,
            "sata_controller_count": 0,
            "scsi_bus_sharing": "noSharing",
            "scsi_controller_count": 1,
            "scsi_type": "pvscsi",
            "shutdown_wait_timeout": 3,
            "storage_policy_id": "",
            "swap_placement_policy": "inherit",
            "sync_time_with_host": false,
            "sync_time_with_host_periodically": false,
            "tags": null,
            "tools_upgrade_policy": "manual",
            "uuid": "4203b240-1c71-c655-58c2-7bf2b7aac58a",
            "vapp": [
              {
                "properties": {
                  "hostname": "vm1",
                  "user-data": "I2Nsb3VkLWNvbmZpZwoKIyBzZXRzIHRoZSBob3N0bmFtZSB0byAndGVycmFmb3JtZWQnCmhvc3RuYW1lOiBhbnNpYmVsLXZtMQpkaXNhYmxlX3Jvb3Q6IGZhbHNlCnVzZXJzOgojIEFkZHMgYSB1c2VyIGNhbGxlZCAnZXhhbXBsZScgd2l0aCB0aGUgcGFzc3dvcmQgaGFzaCBvZiAncGFzc3dvcnQnLCBzdWRvIHJpZ2h0cyBhbmQgdGhlIGRlZmF1bHQgdWJ1bnR1IGdyb3VwcwogICAgICAgIC0gbmFtZTogZXhhbXBsZQogICAgICAgICAgcGFzc3dkOiAkNiRyb3VuZHM9NDA5NiRQMHV2bEI5Ljhuc2lZNjckdXVPeFlTazZuLzc0RHMzSnRWMW1UNnhZak9ndXdUV2dObU9lSHZjSGlRYTl6YW41N2w4ZHZmSEUvemx1MTlmRG1KR3lTTnpMbWg2SzBSMkkxQVU5bzAKICAgICAgICAgIGxvY2tfcGFzc3dkOiBmYWxzZQogICAgICAgICAgc3VkbzogQUxMPShBTEw6QUxMKSBBTEwKICAgICAgICAgIGdyb3VwczogW2FkbSwgYXVkaW8sIGNkcm9tLCBkaWFsb3V0LCBmbG9wcHksIHZpZGVvLCBwbHVnZGV2LCBkaXAsIG5ldGRldl0KICAgICAgICAgIHNzaF9hdXRob3JpemVkX2tleXM6CiAgICAgICAgICAgIC0gInNzaC1lZDI1NTE5IEFBQUFDM056YUMxbFpESTFOVEU1QUFBQUlOTndKV1g5amtocFlvRjlsQzJJam44YWRpMWxsMWMxeUl4a2Y2TWdyd2NZIHRoaXMgaXMgZm9yIElhQyIKICAgICAgICAgIHNoZWxsOiAvYmluL2Jhc2gKc3NoX3B3YXV0aDogdHJ1ZQogICNjaHBhc3N3ZDoKICAjICBsaXN0OiB8CiAgIyAgICByb290OiAkNiRZVFE1d1ZnQTgxRGRJV2hHJGYycEs2U1UwVnBIQjNTdWhQS0l4U1dXOUcxUUlwaGQvSjFsQ2hNd1dOQUFZME1VakNGZ05FZExGRWd0VmpxYXF3OVNqUlc4MFBNOVNEYUkuZzhRLkgvCiAgIyAgZXhwaXJlOiBmYWxzZQpzc2hfYXV0aG9yaXplZF9rZXlzOgogIC0gInNzaC1lZDI1NTE5IEFBQUFDM056YUMxbFpESTFOVEU1QUFBQUlOTndKV1g5amtocFlvRjlsQzJJam44YWRpMWxsMWMxeUl4a2Y2TWdyd2NZIHRoaXMgaXMgZm9yIElhQyIKcnVuY21kOgogIC0gZWNobyAiaW5pdGlhbGl6YXRpb24gaXMgZG9uZSIKICAtIGVjaG8gInJvb3Q6cm9vdCIgfCBjaHBhc3N3ZAogIC0gc2VkIC1pICdzL14jKlBlcm1pdFJvb3RMb2dpbiAuKi9QZXJtaXRSb290TG9naW4geWVzLycgL2V0Yy9zc2gvc3NoZF9jb25maWcKICAgICMtIHN5c3RlbWN0bCByZXN0YXJ0IHNzaGQgI3RoaXMgc2VydmljZSBpcyBub3QgZXhpc3RzIHNvIGl0IGlzIG5vdCB1c2VmdWwKICAtIHN5c3RlbWN0bCByZXN0YXJ0IHNzaApwYWNrYWdlX3VwZGF0ZTogdHJ1ZQpwYWNrYWdlX3VwZ3JhZGU6IHRydWUKcGFja2FnZXM6CiAgLSBzb2NhdAogIC0gY29ubnRyYWNrCgo="
                }
              }
            ],
            "vapp_transport": [
              "iso"
            ],
            "vbs_enabled": false,
            "vmware_tools_status": "guestToolsRunning",
            "vmx_path": "vm1/vm1.vmx",
            "vtpm": [],
            "vvtd_enabled": false,
            "wait_for_guest_ip_timeout": 0,
            "wait_for_guest_net_routable": true,
            "wait_for_guest_net_timeout": 5
          },
          "sensitive_attributes": [],
          "private": "eyJzY2hlbWFfdmVyc2lvbiI6IjMifQ==",
          "dependencies": [
            "data.vsphere_datastore.datastore",
            "data.vsphere_network.network",
            "data.vsphere_resource_pool.pool",
            "data.vsphere_virtual_machine.template"
          ]
        }
      ]
    }
  ],
  "check_results": null
}
