{
  "version": 4,
  "terraform_version": "1.5.7",
  "serial": 2,
  "lineage": "fe00fcf9-a588-7863-e42b-1e2a3288ef37",
  "outputs": {
    "vm_ip": {
      "value": "192.168.168.238",
      "type": "string"
    }
  },
  "resources": [
    {
      "mode": "data",
      "type": "vsphere_datacenter",
      "name": "dc",
      "provider": "provider[\"registry.terraform.io/hashicorp/vsphere\"]",
      "instances": [
        {
          "schema_version": 0,
          "attributes": {
            "id": "datacenter-3",
            "name": "zimafarda",
            "virtual_machines": [
              "Afta",
              "Afta2",
              "BackupServer",
              "CRM-2016",
              "DNS-Master",
              "DNS-Slave",
              "GitlabRunner",
              "HA-Proxy-1",
              "HA-Proxy-2",
              "HozorGhiab",
              "Kube-1",
              "Kube-2",
              "Kube-3",
              "Kube-4",
              "Kube-lb",
              "NFS",
              "NginxServer",
              "NikanServer-Win10",
              "PublicSEO",
              "RemoteWork",
              "SivanApp-Windows",
              "SoorenM",
              "TrueNAS",
              "VMware vCenter Server",
              "hub",
              "issable",
              "local-kube-1",
              "local-kube-2",
              "local-kube-3",
              "local-kube-4",
              "openwrt-2",
              "others",
              "ubuntu24-template",
              "zabbix_appliance-6.4.10"
            ]
          },
          "sensitive_attributes": []
        }
      ]
    },
    {
      "mode": "data",
      "type": "vsphere_datastore",
      "name": "datastore",
      "provider": "provider[\"registry.terraform.io/hashicorp/vsphere\"]",
      "instances": [
        {
          "schema_version": 0,
          "attributes": {
            "datacenter_id": "datacenter-3",
            "id": "datastore-40",
            "name": "SSD - 223 - Server",
            "stats": {
              "capacity": "492042190848",
              "free": "129703608320"
            }
          },
          "sensitive_attributes": []
        }
      ]
    },
    {
      "mode": "data",
      "type": "vsphere_network",
      "name": "network",
      "provider": "provider[\"registry.terraform.io/hashicorp/vsphere\"]",
      "instances": [
        {
          "schema_version": 0,
          "attributes": {
            "datacenter_id": "datacenter-3",
            "distributed_virtual_switch_uuid": null,
            "filter": null,
            "id": "network-13",
            "name": "VM Network",
            "retry_interval": 500,
            "retry_timeout": 0,
            "type": "Network"
          },
          "sensitive_attributes": []
        }
      ]
    },
    {
      "mode": "data",
      "type": "vsphere_resource_pool",
      "name": "pool",
      "provider": "provider[\"registry.terraform.io/hashicorp/vsphere\"]",
      "instances": [
        {
          "schema_version": 0,
          "attributes": {
            "datacenter_id": "datacenter-3",
            "id": "resgroup-4513",
            "name": "RS2"
          },
          "sensitive_attributes": []
        }
      ]
    },
    {
      "mode": "data",
      "type": "vsphere_virtual_machine",
      "name": "template",
      "provider": "provider[\"registry.terraform.io/hashicorp/vsphere\"]",
      "instances": [
        {
          "schema_version": 0,
          "attributes": {
            "alternate_guest_name": "",
            "annotation": "",
            "boot_delay": 0,
            "boot_retry_delay": 10000,
            "boot_retry_enabled": false,
            "change_version": "2025-08-12T09:09:44.522217Z",
            "cpu_hot_add_enabled": false,
            "cpu_hot_remove_enabled": false,
            "cpu_limit": -1,
            "cpu_performance_counters_enabled": false,
            "cpu_reservation": 0,
            "cpu_share_count": 2000,
            "cpu_share_level": "normal",
            "datacenter_id": "datacenter-3",
            "default_ip_address": null,
            "disks": [
              {
                "eagerly_scrub": false,
                "label": "Hard disk 1",
                "size": 10,
                "thin_provisioned": true,
                "unit_number": 0
              }
            ],
            "efi_secure_boot_enabled": false,
            "enable_disk_uuid": false,
            "enable_logging": true,
            "ept_rvi_mode": "automatic",
            "extra_config": {},
            "extra_config_reboot_required": true,
            "firmware": "bios",
            "folder": null,
            "guest_id": "ubuntu64Guest",
            "guest_ip_addresses": [],
            "hardware_version": 10,
            "hv_mode": "hvAuto",
            "id": "42034647-fa64-e455-932e-de1324577f5a",
            "ide_controller_scan_count": 2,
            "instance_uuid": "50034bae-f3b0-521e-deea-04f964c2c771",
            "latency_sensitivity": "normal",
            "memory": 1024,
            "memory_hot_add_enabled": false,
            "memory_limit": -1,
            "memory_reservation": 0,
            "memory_reservation_locked_to_max": false,
            "memory_share_count": 10240,
            "memory_share_level": "normal",
            "moid": "vm-4512",
            "name": "ubuntu24-template",
            "nested_hv_enabled": false,
            "network_interface_types": [
              "vmxnet3"
            ],
            "network_interfaces": [
              {
                "adapter_type": "vmxnet3",
                "bandwidth_limit": -1,
                "bandwidth_reservation": 0,
                "bandwidth_share_count": 50,
                "bandwidth_share_level": "normal",
                "mac_address": "00:50:56:83:3f:3e",
                "network_id": "network-13",
                "physical_function": ""
              }
            ],
            "num_cores_per_socket": 1,
            "num_cpus": 2,
            "nvme_controller_scan_count": 1,
            "replace_trigger": null,
            "run_tools_scripts_after_power_on": true,
            "run_tools_scripts_after_resume": true,
            "run_tools_scripts_before_guest_reboot": false,
            "run_tools_scripts_before_guest_shutdown": true,
            "run_tools_scripts_before_guest_standby": true,
            "sata_controller_scan_count": 0,
            "scsi_bus_sharing": "noSharing",
            "scsi_controller_scan_count": 1,
            "scsi_type": "pvscsi",
            "storage_policy_id": null,
            "swap_placement_policy": "inherit",
            "sync_time_with_host": false,
            "sync_time_with_host_periodically": false,
            "tools_upgrade_policy": "manual",
            "uuid": "42034647-fa64-e455-932e-de1324577f5a",
            "vapp": null,
            "vapp_transport": [
              "iso"
            ],
            "vbs_enabled": false,
            "vtpm": false,
            "vvtd_enabled": false
          },
          "sensitive_attributes": []
        }
      ]
    },
    {
      "mode": "managed",
      "type": "vsphere_virtual_machine",
      "name": "vm",
      "provider": "provider[\"registry.terraform.io/hashicorp/vsphere\"]",
      "instances": [
        {
          "schema_version": 3,
          "attributes": {
            "alternate_guest_name": "",
            "annotation": "",
            "boot_delay": 0,
            "boot_retry_delay": 10000,
            "boot_retry_enabled": false,
            "cdrom": [
              {
                "client_device": true,
                "datastore_id": "",
                "device_address": "ide:1:0",
                "key": 3002,
                "path": ""
              }
            ],
            "change_version": "2025-08-13T00:57:02.015383Z",
            "clone": [
              {
                "customization_spec": [],
                "customize": [],
                "linked_clone": false,
                "ovf_network_map": null,
                "ovf_storage_map": null,
                "template_uuid": "42034647-fa64-e455-932e-de1324577f5a",
                "timeout": 30
              }
            ],
            "cpu_hot_add_enabled": false,
            "cpu_hot_remove_enabled": false,
            "cpu_limit": -1,
            "cpu_performance_counters_enabled": false,
            "cpu_reservation": 0,
            "cpu_share_count": 3000,
            "cpu_share_level": "normal",
            "custom_attributes": null,
            "datacenter_id": null,
            "datastore_cluster_id": null,
            "datastore_id": "datastore-40",
            "default_ip_address": "192.168.168.238",
            "disk": [
              {
                "attach": false,
                "controller_type": "scsi",
                "datastore_id": "datastore-40",
                "device_address": "scsi:0:0",
                "disk_mode": "persistent",
                "disk_sharing": "sharingNone",
                "eagerly_scrub": false,
                "io_limit": -1,
                "io_reservation": 0,
                "io_share_count": 1000,
                "io_share_level": "normal",
                "keep_on_remove": false,
                "key": 2000,
                "label": "disk0",
                "path": "vm2/vm2.vmdk",
                "size": 30,
                "storage_policy_id": "",
                "thin_provisioned": true,
                "unit_number": 0,
                "uuid": "6000C29b-6e59-a141-8177-2e43ee714c79",
                "write_through": false
              }
            ],
            "efi_secure_boot_enabled": false,
            "enable_disk_uuid": false,
            "enable_logging": false,
            "ept_rvi_mode": "automatic",
            "extra_config": {
              "tools.setPowerOn": "TRUE"
            },
            "extra_config_reboot_required": true,
            "firmware": "bios",
            "folder": "",
            "force_power_off": true,
            "guest_id": "ubuntu64Guest",
            "guest_ip_addresses": [
              "192.168.168.238",
              "fe80::250:56ff:fe83:fde0"
            ],
            "hardware_version": 10,
            "host_system_id": "host-39",
            "hv_mode": "hvAuto",
            "id": "42036f09-6892-05ba-afcb-048b3e78faef",
            "ide_controller_count": 2,
            "ignored_guest_ips": null,
            "imported": null,
            "latency_sensitivity": "normal",
            "memory": 3072,
            "memory_hot_add_enabled": false,
            "memory_limit": -1,
            "memory_reservation": 0,
            "memory_reservation_locked_to_max": false,
            "memory_share_count": 30720,
            "memory_share_level": "normal",
            "migrate_wait_timeout": 30,
            "moid": "vm-12013",
            "name": "vm2",
            "nested_hv_enabled": false,
            "network_interface": [
              {
                "adapter_type": "vmxnet3",
                "bandwidth_limit": -1,
                "bandwidth_reservation": 0,
                "bandwidth_share_count": 50,
                "bandwidth_share_level": "normal",
                "device_address": "pci:0:7",
                "key": 4000,
                "mac_address": "00:50:56:83:fd:e0",
                "network_id": "network-13",
                "ovf_mapping": "",
                "physical_function": "",
                "use_static_mac": false
              }
            ],
            "num_cores_per_socket": 1,
            "num_cpus": 3,
            "nvme_controller_count": 0,
            "ovf_deploy": [],
            "pci_device_id": null,
            "power_state": "on",
            "poweron_timeout": 300,
            "reboot_required": false,
            "replace_trigger": null,
            "resource_pool_id": "resgroup-4513",
            "run_tools_scripts_after_power_on": true,
            "run_tools_scripts_after_resume": true,
            "run_tools_scripts_before_guest_reboot": false,
            "run_tools_scripts_before_guest_shutdown": true,
            "run_tools_scripts_before_guest_standby": true,
            "sata_controller_count": 0,
            "scsi_bus_sharing": "noSharing",
            "scsi_controller_count": 1,
            "scsi_type": "pvscsi",
            "shutdown_wait_timeout": 3,
            "storage_policy_id": "",
            "swap_placement_policy": "inherit",
            "sync_time_with_host": false,
            "sync_time_with_host_periodically": false,
            "tags": null,
            "tools_upgrade_policy": "manual",
            "uuid": "42036f09-6892-05ba-afcb-048b3e78faef",
            "vapp": [
              {
                "properties": {
                  "hostname": "vm2",
                  "user-data": "I2Nsb3VkLWNvbmZpZwoKIyBzZXRzIHRoZSBob3N0bmFtZSB0byAndGVycmFmb3JtZWQnCmhvc3RuYW1lOiBhbnNpYmxlLXZtLTIKZGlzYWJsZV9yb290OiBmYWxzZQp1c2VyczoKIyBBZGRzIGEgdXNlciBjYWxsZWQgJ2V4YW1wbGUnIHdpdGggdGhlIHBhc3N3b3JkIGhhc2ggb2YgJ3Bhc3N3b3J0Jywgc3VkbyByaWdodHMgYW5kIHRoZSBkZWZhdWx0IHVidW50dSBncm91cHMKICAgICAgICAtIG5hbWU6IGV4YW1wbGUyCiAgICAgICAgICBwYXNzd2Q6ICQ2JHJvdW5kcz00MDk2JFAwdXZsQjkuOG5zaVk2NyR1dU94WVNrNm4vNzREczNKdFYxbVQ2eFlqT2d1d1RXZ05tT2VIdmNIaVFhOXphbjU3bDhkdmZIRS96bHUxOWZEbUpHeVNOekxtaDZLMFIySTFBVTlvMAogICAgICAgICAgbG9ja19wYXNzd2Q6IGZhbHNlCiAgICAgICAgICBzdWRvOiBBTEw9KEFMTCkgQUxMCiAgICAgICAgICBncm91cHM6IFthZG0sIGF1ZGlvLCBjZHJvbSwgZGlhbG91dCwgZmxvcHB5LCB2aWRlbywgcGx1Z2RldiwgZGlwLCBuZXRkZXZdCiAgICAgICAgICBzc2hfYXV0aG9yaXplZF9rZXlzOgogICAgICAgICAgICAtICJzc2gtZWQyNTUxOSBBQUFBQzNOemFDMWxaREkxTlRFNUFBQUFJTk53SldYOWpraHBZb0Y5bEMySWpuOGFkaTFsbDFjMXlJeGtmNk1ncndjWSB0aGlzIGlzIGZvciBJYUMiCiAgICAgICAgICBzaGVsbDogL2Jpbi9iYXNoCnNzaF9wd2F1dGg6IHRydWUKICAjY2hwYXNzd2Q6CiAgIyAgbGlzdDogfAogICMgICAgcm9vdDogJDYkWVRRNXdWZ0E4MURkSVdoRyRmMnBLNlNVMFZwSEIzU3VoUEtJeFNXVzlHMVFJcGhkL0oxbENoTXdXTkFBWTBNVWpDRmdORWRMRkVndFZqcWFxdzlTalJXODBQTTlTRGFJLmc4US5ILwogICMgIGV4cGlyZTogZmFsc2UKc3NoX2F1dGhvcml6ZWRfa2V5czoKICAtICJzc2gtZWQyNTUxOSBBQUFBQzNOemFDMWxaREkxTlRFNUFBQUFJTk53SldYOWpraHBZb0Y5bEMySWpuOGFkaTFsbDFjMXlJeGtmNk1ncndjWSB0aGlzIGlzIGZvciBJYUMiCnJ1bmNtZDoKICAtIGVjaG8gImluaXRpYWxpemF0aW9uIGlzIGRvbmUiCiAgLSBlY2hvICJyb290OnJvb3QiIHwgY2hwYXNzd2QKICAtIHNlZCAtaSAncy9eIypQZXJtaXRSb290TG9naW4gLiovUGVybWl0Um9vdExvZ2luIHllcy8nIC9ldGMvc3NoL3NzaGRfY29uZmlnCiAgICAjLSBzeXN0ZW1jdGwgcmVzdGFydCBzc2hkICN0aGlzIHNlcnZpY2UgaXMgbm90IGV4aXN0cyBzbyBpdCBpcyBub3QgdXNlZnVsCiAgLSBzeXN0ZW1jdGwgcmVzdGFydCBzc2gKcGFja2FnZV91cGRhdGU6IHRydWUKcGFja2FnZV91cGdyYWRlOiB0cnVlCnBhY2thZ2VzOgogIC0gc29jYXQKICAtIGNvbm50cmFjawoK"
                }
              }
            ],
            "vapp_transport": [
              "iso"
            ],
            "vbs_enabled": false,
            "vmware_tools_status": "guestToolsRunning",
            "vmx_path": "vm2/vm2.vmx",
            "vtpm": [],
            "vvtd_enabled": false,
            "wait_for_guest_ip_timeout": 0,
            "wait_for_guest_net_routable": true,
            "wait_for_guest_net_timeout": 5
          },
          "sensitive_attributes": [],
          "private": "eyJzY2hlbWFfdmVyc2lvbiI6IjMifQ==",
          "dependencies": [
            "data.vsphere_datastore.datastore",
            "data.vsphere_network.network",
            "data.vsphere_resource_pool.pool",
            "data.vsphere_virtual_machine.template"
          ]
        }
      ]
    }
  ],
  "check_results": null
}
